// !$*UTF8*$!
{
	archiveVersion = 1;
	classes = {
	};
	objectVersion = 50;
	objects = {

/* Begin PBXBuildFile section */
		16DEC3E90D38F0F1CAC40542 /* Pods_PicardUITests.framework in Frameworks */ = {isa = PBXBuildFile; fileRef = E877FAF62919BBD16E89B179 /* Pods_PicardUITests.framework */; };
		526BA18A225E2D6800E76D56 /* AppDelegate.swift in Sources */ = {isa = PBXBuildFile; fileRef = 526BA189225E2D6800E76D56 /* AppDelegate.swift */; };
		526BA18C225E2D6800E76D56 /* ViewController.swift in Sources */ = {isa = PBXBuildFile; fileRef = 526BA18B225E2D6800E76D56 /* ViewController.swift */; };
		526BA18F225E2D6800E76D56 /* Main.storyboard in Resources */ = {isa = PBXBuildFile; fileRef = 526BA18D225E2D6800E76D56 /* Main.storyboard */; };
		526BA191225E2D6A00E76D56 /* Assets.xcassets in Resources */ = {isa = PBXBuildFile; fileRef = 526BA190225E2D6A00E76D56 /* Assets.xcassets */; };
		526BA194225E2D6A00E76D56 /* LaunchScreen.storyboard in Resources */ = {isa = PBXBuildFile; fileRef = 526BA192225E2D6A00E76D56 /* LaunchScreen.storyboard */; };
		526BA19F225E2D6A00E76D56 /* PicardTests.swift in Sources */ = {isa = PBXBuildFile; fileRef = 526BA19E225E2D6A00E76D56 /* PicardTests.swift */; };
		526BA1AA225E2D6A00E76D56 /* PicardUITests.swift in Sources */ = {isa = PBXBuildFile; fileRef = 526BA1A9225E2D6A00E76D56 /* PicardUITests.swift */; };
		F2268D8C13D579402024B02F /* Pods_Picard.framework in Frameworks */ = {isa = PBXBuildFile; fileRef = 3ACC95E5B03577FCCB35CA43 /* Pods_Picard.framework */; };
		F9AED7960D087111FC6FAF4B /* Pods_PicardTests.framework in Frameworks */ = {isa = PBXBuildFile; fileRef = DCF3D5C7E7BBF36551DE4939 /* Pods_PicardTests.framework */; };
/* End PBXBuildFile section */

/* Begin PBXContainerItemProxy section */
		526BA19B225E2D6A00E76D56 /* PBXContainerItemProxy */ = {
			isa = PBXContainerItemProxy;
			containerPortal = 526BA17E225E2D6800E76D56 /* Project object */;
			proxyType = 1;
			remoteGlobalIDString = 526BA185225E2D6800E76D56;
			remoteInfo = Picard;
		};
		526BA1A6225E2D6A00E76D56 /* PBXContainerItemProxy */ = {
			isa = PBXContainerItemProxy;
			containerPortal = 526BA17E225E2D6800E76D56 /* Project object */;
			proxyType = 1;
			remoteGlobalIDString = 526BA185225E2D6800E76D56;
			remoteInfo = Picard;
		};
/* End PBXContainerItemProxy section */

/* Begin PBXFileReference section */
		05B0D2E4FC963E59EB64DA0F /* Pods-PicardUITests.release.xcconfig */ = {isa = PBXFileReference; includeInIndex = 1; lastKnownFileType = text.xcconfig; name = "Pods-PicardUITests.release.xcconfig"; path = "Target Support Files/Pods-PicardUITests/Pods-PicardUITests.release.xcconfig"; sourceTree = "<group>"; };
		3ACC95E5B03577FCCB35CA43 /* Pods_Picard.framework */ = {isa = PBXFileReference; explicitFileType = wrapper.framework; includeInIndex = 0; path = Pods_Picard.framework; sourceTree = BUILT_PRODUCTS_DIR; };
		50C500DB1732ECA519E5831F /* Pods-PicardTests.debug.xcconfig */ = {isa = PBXFileReference; includeInIndex = 1; lastKnownFileType = text.xcconfig; name = "Pods-PicardTests.debug.xcconfig"; path = "Target Support Files/Pods-PicardTests/Pods-PicardTests.debug.xcconfig"; sourceTree = "<group>"; };
		526BA186225E2D6800E76D56 /* Picard.app */ = {isa = PBXFileReference; explicitFileType = wrapper.application; includeInIndex = 0; path = Picard.app; sourceTree = BUILT_PRODUCTS_DIR; };
		526BA189225E2D6800E76D56 /* AppDelegate.swift */ = {isa = PBXFileReference; lastKnownFileType = sourcecode.swift; path = AppDelegate.swift; sourceTree = "<group>"; };
		526BA18B225E2D6800E76D56 /* ViewController.swift */ = {isa = PBXFileReference; lastKnownFileType = sourcecode.swift; path = ViewController.swift; sourceTree = "<group>"; };
		526BA18E225E2D6800E76D56 /* Base */ = {isa = PBXFileReference; lastKnownFileType = file.storyboard; name = Base; path = Base.lproj/Main.storyboard; sourceTree = "<group>"; };
		526BA190225E2D6A00E76D56 /* Assets.xcassets */ = {isa = PBXFileReference; lastKnownFileType = folder.assetcatalog; path = Assets.xcassets; sourceTree = "<group>"; };
		526BA193225E2D6A00E76D56 /* Base */ = {isa = PBXFileReference; lastKnownFileType = file.storyboard; name = Base; path = Base.lproj/LaunchScreen.storyboard; sourceTree = "<group>"; };
		526BA195225E2D6A00E76D56 /* Info.plist */ = {isa = PBXFileReference; lastKnownFileType = text.plist.xml; path = Info.plist; sourceTree = "<group>"; };
		526BA19A225E2D6A00E76D56 /* PicardTests.xctest */ = {isa = PBXFileReference; explicitFileType = wrapper.cfbundle; includeInIndex = 0; path = PicardTests.xctest; sourceTree = BUILT_PRODUCTS_DIR; };
		526BA19E225E2D6A00E76D56 /* PicardTests.swift */ = {isa = PBXFileReference; lastKnownFileType = sourcecode.swift; path = PicardTests.swift; sourceTree = "<group>"; };
		526BA1A0225E2D6A00E76D56 /* Info.plist */ = {isa = PBXFileReference; lastKnownFileType = text.plist.xml; path = Info.plist; sourceTree = "<group>"; };
		526BA1A5225E2D6A00E76D56 /* PicardUITests.xctest */ = {isa = PBXFileReference; explicitFileType = wrapper.cfbundle; includeInIndex = 0; path = PicardUITests.xctest; sourceTree = BUILT_PRODUCTS_DIR; };
		526BA1A9225E2D6A00E76D56 /* PicardUITests.swift */ = {isa = PBXFileReference; lastKnownFileType = sourcecode.swift; path = PicardUITests.swift; sourceTree = "<group>"; };
		526BA1AB225E2D6A00E76D56 /* Info.plist */ = {isa = PBXFileReference; lastKnownFileType = text.plist.xml; path = Info.plist; sourceTree = "<group>"; };
		902DD1452A839CD78CC32FF7 /* Pods-Picard.debug.xcconfig */ = {isa = PBXFileReference; includeInIndex = 1; lastKnownFileType = text.xcconfig; name = "Pods-Picard.debug.xcconfig"; path = "Target Support Files/Pods-Picard/Pods-Picard.debug.xcconfig"; sourceTree = "<group>"; };
		C63BDBFD5A2B34ADB08157C8 /* Pods-Picard.release.xcconfig */ = {isa = PBXFileReference; includeInIndex = 1; lastKnownFileType = text.xcconfig; name = "Pods-Picard.release.xcconfig"; path = "Target Support Files/Pods-Picard/Pods-Picard.release.xcconfig"; sourceTree = "<group>"; };
		D09036018CAAF9E82E168D59 /* Pods-PicardUITests.debug.xcconfig */ = {isa = PBXFileReference; includeInIndex = 1; lastKnownFileType = text.xcconfig; name = "Pods-PicardUITests.debug.xcconfig"; path = "Target Support Files/Pods-PicardUITests/Pods-PicardUITests.debug.xcconfig"; sourceTree = "<group>"; };
		DCF3D5C7E7BBF36551DE4939 /* Pods_PicardTests.framework */ = {isa = PBXFileReference; explicitFileType = wrapper.framework; includeInIndex = 0; path = Pods_PicardTests.framework; sourceTree = BUILT_PRODUCTS_DIR; };
		E335576809C7030C24BA30E0 /* Pods-PicardTests.release.xcconfig */ = {isa = PBXFileReference; includeInIndex = 1; lastKnownFileType = text.xcconfig; name = "Pods-PicardTests.release.xcconfig"; path = "Target Support Files/Pods-PicardTests/Pods-PicardTests.release.xcconfig"; sourceTree = "<group>"; };
		E877FAF62919BBD16E89B179 /* Pods_PicardUITests.framework */ = {isa = PBXFileReference; explicitFileType = wrapper.framework; includeInIndex = 0; path = Pods_PicardUITests.framework; sourceTree = BUILT_PRODUCTS_DIR; };
/* End PBXFileReference section */

/* Begin PBXFrameworksBuildPhase section */
		526BA183225E2D6800E76D56 /* Frameworks */ = {
			isa = PBXFrameworksBuildPhase;
			buildActionMask = 2147483647;
			files = (
				F2268D8C13D579402024B02F /* Pods_Picard.framework in Frameworks */,
			);
			runOnlyForDeploymentPostprocessing = 0;
		};
		526BA197225E2D6A00E76D56 /* Frameworks */ = {
			isa = PBXFrameworksBuildPhase;
			buildActionMask = 2147483647;
			files = (
				F9AED7960D087111FC6FAF4B /* Pods_PicardTests.framework in Frameworks */,
			);
			runOnlyForDeploymentPostprocessing = 0;
		};
		526BA1A2225E2D6A00E76D56 /* Frameworks */ = {
			isa = PBXFrameworksBuildPhase;
			buildActionMask = 2147483647;
			files = (
				16DEC3E90D38F0F1CAC40542 /* Pods_PicardUITests.framework in Frameworks */,
			);
			runOnlyForDeploymentPostprocessing = 0;
		};
/* End PBXFrameworksBuildPhase section */

/* Begin PBXGroup section */
		526BA17D225E2D6800E76D56 = {
			isa = PBXGroup;
			children = (
				526BA188225E2D6800E76D56 /* Picard */,
				526BA19D225E2D6A00E76D56 /* PicardTests */,
				526BA1A8225E2D6A00E76D56 /* PicardUITests */,
				526BA187225E2D6800E76D56 /* Products */,
				CF7D41AB46C7E878B0DF3F39 /* Pods */,
				AA4FCC2FD9C04F2D83336CD2 /* Frameworks */,
			);
			sourceTree = "<group>";
		};
		526BA187225E2D6800E76D56 /* Products */ = {
			isa = PBXGroup;
			children = (
				526BA186225E2D6800E76D56 /* Picard.app */,
				526BA19A225E2D6A00E76D56 /* PicardTests.xctest */,
				526BA1A5225E2D6A00E76D56 /* PicardUITests.xctest */,
			);
			name = Products;
			sourceTree = "<group>";
		};
		526BA188225E2D6800E76D56 /* Picard */ = {
			isa = PBXGroup;
			children = (
				526BA189225E2D6800E76D56 /* AppDelegate.swift */,
				526BA18B225E2D6800E76D56 /* ViewController.swift */,
				526BA18D225E2D6800E76D56 /* Main.storyboard */,
				526BA190225E2D6A00E76D56 /* Assets.xcassets */,
				526BA192225E2D6A00E76D56 /* LaunchScreen.storyboard */,
				526BA195225E2D6A00E76D56 /* Info.plist */,
			);
			path = Picard;
			sourceTree = "<group>";
		};
		526BA19D225E2D6A00E76D56 /* PicardTests */ = {
			isa = PBXGroup;
			children = (
				526BA19E225E2D6A00E76D56 /* PicardTests.swift */,
				526BA1A0225E2D6A00E76D56 /* Info.plist */,
			);
			path = PicardTests;
			sourceTree = "<group>";
		};
		526BA1A8225E2D6A00E76D56 /* PicardUITests */ = {
			isa = PBXGroup;
			children = (
				526BA1A9225E2D6A00E76D56 /* PicardUITests.swift */,
				526BA1AB225E2D6A00E76D56 /* Info.plist */,
			);
			path = PicardUITests;
			sourceTree = "<group>";
		};
		AA4FCC2FD9C04F2D83336CD2 /* Frameworks */ = {
			isa = PBXGroup;
			children = (
				3ACC95E5B03577FCCB35CA43 /* Pods_Picard.framework */,
				DCF3D5C7E7BBF36551DE4939 /* Pods_PicardTests.framework */,
				E877FAF62919BBD16E89B179 /* Pods_PicardUITests.framework */,
			);
			name = Frameworks;
			sourceTree = "<group>";
		};
		CF7D41AB46C7E878B0DF3F39 /* Pods */ = {
			isa = PBXGroup;
			children = (
				902DD1452A839CD78CC32FF7 /* Pods-Picard.debug.xcconfig */,
				C63BDBFD5A2B34ADB08157C8 /* Pods-Picard.release.xcconfig */,
				50C500DB1732ECA519E5831F /* Pods-PicardTests.debug.xcconfig */,
				E335576809C7030C24BA30E0 /* Pods-PicardTests.release.xcconfig */,
				D09036018CAAF9E82E168D59 /* Pods-PicardUITests.debug.xcconfig */,
				05B0D2E4FC963E59EB64DA0F /* Pods-PicardUITests.release.xcconfig */,
			);
			path = Pods;
			sourceTree = "<group>";
		};
/* End PBXGroup section */

/* Begin PBXNativeTarget section */
		526BA185225E2D6800E76D56 /* Picard */ = {
			isa = PBXNativeTarget;
			buildConfigurationList = 526BA1AE225E2D6A00E76D56 /* Build configuration list for PBXNativeTarget "Picard" */;
			buildPhases = (
				630D35E4CFCB51151437A0A8 /* [CP] Check Pods Manifest.lock */,
				526BA182225E2D6800E76D56 /* Sources */,
				526BA183225E2D6800E76D56 /* Frameworks */,
				526BA184225E2D6800E76D56 /* Resources */,
				7092418193EDCAA50AEF160C /* [CP] Embed Pods Frameworks */,
			);
			buildRules = (
			);
			dependencies = (
			);
			name = Picard;
			productName = Picard;
			productReference = 526BA186225E2D6800E76D56 /* Picard.app */;
			productType = "com.apple.product-type.application";
		};
		526BA199225E2D6A00E76D56 /* PicardTests */ = {
			isa = PBXNativeTarget;
			buildConfigurationList = 526BA1B1225E2D6A00E76D56 /* Build configuration list for PBXNativeTarget "PicardTests" */;
			buildPhases = (
				AA6ED483632D6E53B31E793C /* [CP] Check Pods Manifest.lock */,
				526BA196225E2D6A00E76D56 /* Sources */,
				526BA197225E2D6A00E76D56 /* Frameworks */,
				526BA198225E2D6A00E76D56 /* Resources */,
			);
			buildRules = (
			);
			dependencies = (
				526BA19C225E2D6A00E76D56 /* PBXTargetDependency */,
			);
			name = PicardTests;
			productName = PicardTests;
			productReference = 526BA19A225E2D6A00E76D56 /* PicardTests.xctest */;
			productType = "com.apple.product-type.bundle.unit-test";
		};
		526BA1A4225E2D6A00E76D56 /* PicardUITests */ = {
			isa = PBXNativeTarget;
			buildConfigurationList = 526BA1B4225E2D6A00E76D56 /* Build configuration list for PBXNativeTarget "PicardUITests" */;
			buildPhases = (
				C7850276DF125CD79464F1D0 /* [CP] Check Pods Manifest.lock */,
				526BA1A1225E2D6A00E76D56 /* Sources */,
				526BA1A2225E2D6A00E76D56 /* Frameworks */,
				526BA1A3225E2D6A00E76D56 /* Resources */,
			);
			buildRules = (
			);
			dependencies = (
				526BA1A7225E2D6A00E76D56 /* PBXTargetDependency */,
			);
			name = PicardUITests;
			productName = PicardUITests;
			productReference = 526BA1A5225E2D6A00E76D56 /* PicardUITests.xctest */;
			productType = "com.apple.product-type.bundle.ui-testing";
		};
/* End PBXNativeTarget section */

/* Begin PBXProject section */
		526BA17E225E2D6800E76D56 /* Project object */ = {
			isa = PBXProject;
			attributes = {
				LastSwiftUpdateCheck = 1010;
				LastUpgradeCheck = 1010;
				ORGANIZATIONNAME = conglb;
				TargetAttributes = {
					526BA185225E2D6800E76D56 = {
						CreatedOnToolsVersion = 10.1;
					};
					526BA199225E2D6A00E76D56 = {
						CreatedOnToolsVersion = 10.1;
						TestTargetID = 526BA185225E2D6800E76D56;
					};
					526BA1A4225E2D6A00E76D56 = {
						CreatedOnToolsVersion = 10.1;
						TestTargetID = 526BA185225E2D6800E76D56;
					};
				};
			};
			buildConfigurationList = 526BA181225E2D6800E76D56 /* Build configuration list for PBXProject "Picard" */;
			compatibilityVersion = "Xcode 9.3";
			developmentRegion = en;
			hasScannedForEncodings = 0;
			knownRegions = (
				en,
				Base,
			);
			mainGroup = 526BA17D225E2D6800E76D56;
			productRefGroup = 526BA187225E2D6800E76D56 /* Products */;
			projectDirPath = "";
			projectRoot = "";
			targets = (
				526BA185225E2D6800E76D56 /* Picard */,
				526BA199225E2D6A00E76D56 /* PicardTests */,
				526BA1A4225E2D6A00E76D56 /* PicardUITests */,
			);
		};
/* End PBXProject section */

/* Begin PBXResourcesBuildPhase section */
		526BA184225E2D6800E76D56 /* Resources */ = {
			isa = PBXResourcesBuildPhase;
			buildActionMask = 2147483647;
			files = (
				526BA194225E2D6A00E76D56 /* LaunchScreen.storyboard in Resources */,
				526BA191225E2D6A00E76D56 /* Assets.xcassets in Resources */,
				526BA18F225E2D6800E76D56 /* Main.storyboard in Resources */,
			);
			runOnlyForDeploymentPostprocessing = 0;
		};
		526BA198225E2D6A00E76D56 /* Resources */ = {
			isa = PBXResourcesBuildPhase;
			buildActionMask = 2147483647;
			files = (
			);
			runOnlyForDeploymentPostprocessing = 0;
		};
		526BA1A3225E2D6A00E76D56 /* Resources */ = {
			isa = PBXResourcesBuildPhase;
			buildActionMask = 2147483647;
			files = (
			);
			runOnlyForDeploymentPostprocessing = 0;
		};
/* End PBXResourcesBuildPhase section */

/* Begin PBXShellScriptBuildPhase section */
		630D35E4CFCB51151437A0A8 /* [CP] Check Pods Manifest.lock */ = {
			isa = PBXShellScriptBuildPhase;
			buildActionMask = 2147483647;
			files = (
			);
			inputFileListPaths = (
			);
			inputPaths = (
				"${PODS_PODFILE_DIR_PATH}/Podfile.lock",
				"${PODS_ROOT}/Manifest.lock",
			);
			name = "[CP] Check Pods Manifest.lock";
			outputFileListPaths = (
			);
			outputPaths = (
				"$(DERIVED_FILE_DIR)/Pods-Picard-checkManifestLockResult.txt",
			);
			runOnlyForDeploymentPostprocessing = 0;
			shellPath = /bin/sh;
			shellScript = "diff \"${PODS_PODFILE_DIR_PATH}/Podfile.lock\" \"${PODS_ROOT}/Manifest.lock\" > /dev/null\nif [ $? != 0 ] ; then\n    # print error to STDERR\n    echo \"error: The sandbox is not in sync with the Podfile.lock. Run 'pod install' or update your CocoaPods installation.\" >&2\n    exit 1\nfi\n# This output is used by Xcode 'outputs' to avoid re-running this script phase.\necho \"SUCCESS\" > \"${SCRIPT_OUTPUT_FILE_0}\"\n";
			showEnvVarsInLog = 0;
		};
		7092418193EDCAA50AEF160C /* [CP] Embed Pods Frameworks */ = {
			isa = PBXShellScriptBuildPhase;
			buildActionMask = 2147483647;
			files = (
			);
			inputFileListPaths = (
			);
			inputPaths = (
				"${PODS_ROOT}/Target Support Files/Pods-Picard/Pods-Picard-frameworks.sh",
				"${BUILT_PRODUCTS_DIR}/AWSAppSync/AWSAppSync.framework",
				"${BUILT_PRODUCTS_DIR}/AWSCore/AWSCore.framework",
				"${BUILT_PRODUCTS_DIR}/ReachabilitySwift/Reachability.framework",
				"${BUILT_PRODUCTS_DIR}/SQLite.swift/SQLite.framework",
			);
			name = "[CP] Embed Pods Frameworks";
			outputFileListPaths = (
			);
			outputPaths = (
				"${TARGET_BUILD_DIR}/${FRAMEWORKS_FOLDER_PATH}/AWSAppSync.framework",
				"${TARGET_BUILD_DIR}/${FRAMEWORKS_FOLDER_PATH}/AWSCore.framework",
				"${TARGET_BUILD_DIR}/${FRAMEWORKS_FOLDER_PATH}/Reachability.framework",
				"${TARGET_BUILD_DIR}/${FRAMEWORKS_FOLDER_PATH}/SQLite.framework",
			);
			runOnlyForDeploymentPostprocessing = 0;
			shellPath = /bin/sh;
			shellScript = "\"${PODS_ROOT}/Target Support Files/Pods-Picard/Pods-Picard-frameworks.sh\"\n";
			showEnvVarsInLog = 0;
		};
		AA6ED483632D6E53B31E793C /* [CP] Check Pods Manifest.lock */ = {
			isa = PBXShellScriptBuildPhase;
			buildActionMask = 2147483647;
			files = (
			);
			inputFileListPaths = (
			);
			inputPaths = (
				"${PODS_PODFILE_DIR_PATH}/Podfile.lock",
				"${PODS_ROOT}/Manifest.lock",
			);
			name = "[CP] Check Pods Manifest.lock";
			outputFileListPaths = (
			);
			outputPaths = (
				"$(DERIVED_FILE_DIR)/Pods-PicardTests-checkManifestLockResult.txt",
			);
			runOnlyForDeploymentPostprocessing = 0;
			shellPath = /bin/sh;
			shellScript = "diff \"${PODS_PODFILE_DIR_PATH}/Podfile.lock\" \"${PODS_ROOT}/Manifest.lock\" > /dev/null\nif [ $? != 0 ] ; then\n    # print error to STDERR\n    echo \"error: The sandbox is not in sync with the Podfile.lock. Run 'pod install' or update your CocoaPods installation.\" >&2\n    exit 1\nfi\n# This output is used by Xcode 'outputs' to avoid re-running this script phase.\necho \"SUCCESS\" > \"${SCRIPT_OUTPUT_FILE_0}\"\n";
			showEnvVarsInLog = 0;
		};
		C7850276DF125CD79464F1D0 /* [CP] Check Pods Manifest.lock */ = {
			isa = PBXShellScriptBuildPhase;
			buildActionMask = 2147483647;
			files = (
			);
			inputFileListPaths = (
			);
			inputPaths = (
				"${PODS_PODFILE_DIR_PATH}/Podfile.lock",
				"${PODS_ROOT}/Manifest.lock",
			);
			name = "[CP] Check Pods Manifest.lock";
			outputFileListPaths = (
			);
			outputPaths = (
				"$(DERIVED_FILE_DIR)/Pods-PicardUITests-checkManifestLockResult.txt",
			);
			runOnlyForDeploymentPostprocessing = 0;
			shellPath = /bin/sh;
			shellScript = "diff \"${PODS_PODFILE_DIR_PATH}/Podfile.lock\" \"${PODS_ROOT}/Manifest.lock\" > /dev/null\nif [ $? != 0 ] ; then\n    # print error to STDERR\n    echo \"error: The sandbox is not in sync with the Podfile.lock. Run 'pod install' or update your CocoaPods installation.\" >&2\n    exit 1\nfi\n# This output is used by Xcode 'outputs' to avoid re-running this script phase.\necho \"SUCCESS\" > \"${SCRIPT_OUTPUT_FILE_0}\"\n";
			showEnvVarsInLog = 0;
		};
/* End PBXShellScriptBuildPhase section */

/* Begin PBXSourcesBuildPhase section */
		526BA182225E2D6800E76D56 /* Sources */ = {
			isa = PBXSourcesBuildPhase;
			buildActionMask = 2147483647;
			files = (
				526BA18C225E2D6800E76D56 /* ViewController.swift in Sources */,
				526BA18A225E2D6800E76D56 /* AppDelegate.swift in Sources */,
			);
			runOnlyForDeploymentPostprocessing = 0;
		};
		526BA196225E2D6A00E76D56 /* Sources */ = {
			isa = PBXSourcesBuildPhase;
			buildActionMask = 2147483647;
			files = (
				526BA19F225E2D6A00E76D56 /* PicardTests.swift in Sources */,
			);
			runOnlyForDeploymentPostprocessing = 0;
		};
		526BA1A1225E2D6A00E76D56 /* Sources */ = {
			isa = PBXSourcesBuildPhase;
			buildActionMask = 2147483647;
			files = (
				526BA1AA225E2D6A00E76D56 /* PicardUITests.swift in Sources */,
			);
			runOnlyForDeploymentPostprocessing = 0;
		};
/* End PBXSourcesBuildPhase section */

/* Begin PBXTargetDependency section */
		526BA19C225E2D6A00E76D56 /* PBXTargetDependency */ = {
			isa = PBXTargetDependency;
			target = 526BA185225E2D6800E76D56 /* Picard */;
			targetProxy = 526BA19B225E2D6A00E76D56 /* PBXContainerItemProxy */;
		};
		526BA1A7225E2D6A00E76D56 /* PBXTargetDependency */ = {
			isa = PBXTargetDependency;
			target = 526BA185225E2D6800E76D56 /* Picard */;
			targetProxy = 526BA1A6225E2D6A00E76D56 /* PBXContainerItemProxy */;
		};
/* End PBXTargetDependency section */

/* Begin PBXVariantGroup section */
		526BA18D225E2D6800E76D56 /* Main.storyboard */ = {
			isa = PBXVariantGroup;
			children = (
				526BA18E225E2D6800E76D56 /* Base */,
			);
			name = Main.storyboard;
			sourceTree = "<group>";
		};
		526BA192225E2D6A00E76D56 /* LaunchScreen.storyboard */ = {
			isa = PBXVariantGroup;
			children = (
				526BA193225E2D6A00E76D56 /* Base */,
			);
			name = LaunchScreen.storyboard;
			sourceTree = "<group>";
		};
/* End PBXVariantGroup section */

/* Begin XCBuildConfiguration section */
		526BA1AC225E2D6A00E76D56 /* Debug */ = {
			isa = XCBuildConfiguration;
			buildSettings = {
				ALWAYS_SEARCH_USER_PATHS = NO;
				CLANG_ANALYZER_NONNULL = YES;
				CLANG_ANALYZER_NUMBER_OBJECT_CONVERSION = YES_AGGRESSIVE;
				CLANG_CXX_LANGUAGE_STANDARD = "gnu++14";
				CLANG_CXX_LIBRARY = "libc++";
				CLANG_ENABLE_MODULES = YES;
				CLANG_ENABLE_OBJC_ARC = YES;
				CLANG_ENABLE_OBJC_WEAK = YES;
				CLANG_WARN_BLOCK_CAPTURE_AUTORELEASING = YES;
				CLANG_WARN_BOOL_CONVERSION = YES;
				CLANG_WARN_COMMA = YES;
				CLANG_WARN_CONSTANT_CONVERSION = YES;
				CLANG_WARN_DEPRECATED_OBJC_IMPLEMENTATIONS = YES;
				CLANG_WARN_DIRECT_OBJC_ISA_USAGE = YES_ERROR;
				CLANG_WARN_DOCUMENTATION_COMMENTS = YES;
				CLANG_WARN_EMPTY_BODY = YES;
				CLANG_WARN_ENUM_CONVERSION = YES;
				CLANG_WARN_INFINITE_RECURSION = YES;
				CLANG_WARN_INT_CONVERSION = YES;
				CLANG_WARN_NON_LITERAL_NULL_CONVERSION = YES;
				CLANG_WARN_OBJC_IMPLICIT_RETAIN_SELF = YES;
				CLANG_WARN_OBJC_LITERAL_CONVERSION = YES;
				CLANG_WARN_OBJC_ROOT_CLASS = YES_ERROR;
				CLANG_WARN_RANGE_LOOP_ANALYSIS = YES;
				CLANG_WARN_STRICT_PROTOTYPES = YES;
				CLANG_WARN_SUSPICIOUS_MOVE = YES;
				CLANG_WARN_UNGUARDED_AVAILABILITY = YES_AGGRESSIVE;
				CLANG_WARN_UNREACHABLE_CODE = YES;
				CLANG_WARN__DUPLICATE_METHOD_MATCH = YES;
				CODE_SIGN_IDENTITY = "iPhone Developer";
				COPY_PHASE_STRIP = NO;
				DEBUG_INFORMATION_FORMAT = dwarf;
				ENABLE_STRICT_OBJC_MSGSEND = YES;
				ENABLE_TESTABILITY = YES;
				GCC_C_LANGUAGE_STANDARD = gnu11;
				GCC_DYNAMIC_NO_PIC = NO;
				GCC_NO_COMMON_BLOCKS = YES;
				GCC_OPTIMIZATION_LEVEL = 0;
				GCC_PREPROCESSOR_DEFINITIONS = (
					"DEBUG=1",
					"$(inherited)",
				);
				GCC_WARN_64_TO_32_BIT_CONVERSION = YES;
				GCC_WARN_ABOUT_RETURN_TYPE = YES_ERROR;
				GCC_WARN_UNDECLARED_SELECTOR = YES;
				GCC_WARN_UNINITIALIZED_AUTOS = YES_AGGRESSIVE;
				GCC_WARN_UNUSED_FUNCTION = YES;
				GCC_WARN_UNUSED_VARIABLE = YES;
				IPHONEOS_DEPLOYMENT_TARGET = 12.1;
				MTL_ENABLE_DEBUG_INFO = INCLUDE_SOURCE;
				MTL_FAST_MATH = YES;
				ONLY_ACTIVE_ARCH = YES;
				SDKROOT = iphoneos;
				SWIFT_ACTIVE_COMPILATION_CONDITIONS = DEBUG;
				SWIFT_OPTIMIZATION_LEVEL = "-Onone";
			};
			name = Debug;
		};
		526BA1AD225E2D6A00E76D56 /* Release */ = {
			isa = XCBuildConfiguration;
			buildSettings = {
				ALWAYS_SEARCH_USER_PATHS = NO;
				CLANG_ANALYZER_NONNULL = YES;
				CLANG_ANALYZER_NUMBER_OBJECT_CONVERSION = YES_AGGRESSIVE;
				CLANG_CXX_LANGUAGE_STANDARD = "gnu++14";
				CLANG_CXX_LIBRARY = "libc++";
				CLANG_ENABLE_MODULES = YES;
				CLANG_ENABLE_OBJC_ARC = YES;
				CLANG_ENABLE_OBJC_WEAK = YES;
				CLANG_WARN_BLOCK_CAPTURE_AUTORELEASING = YES;
				CLANG_WARN_BOOL_CONVERSION = YES;
				CLANG_WARN_COMMA = YES;
				CLANG_WARN_CONSTANT_CONVERSION = YES;
				CLANG_WARN_DEPRECATED_OBJC_IMPLEMENTATIONS = YES;
				CLANG_WARN_DIRECT_OBJC_ISA_USAGE = YES_ERROR;
				CLANG_WARN_DOCUMENTATION_COMMENTS = YES;
				CLANG_WARN_EMPTY_BODY = YES;
				CLANG_WARN_ENUM_CONVERSION = YES;
				CLANG_WARN_INFINITE_RECURSION = YES;
				CLANG_WARN_INT_CONVERSION = YES;
				CLANG_WARN_NON_LITERAL_NULL_CONVERSION = YES;
				CLANG_WARN_OBJC_IMPLICIT_RETAIN_SELF = YES;
				CLANG_WARN_OBJC_LITERAL_CONVERSION = YES;
				CLANG_WARN_OBJC_ROOT_CLASS = YES_ERROR;
				CLANG_WARN_RANGE_LOOP_ANALYSIS = YES;
				CLANG_WARN_STRICT_PROTOTYPES = YES;
				CLANG_WARN_SUSPICIOUS_MOVE = YES;
				CLANG_WARN_UNGUARDED_AVAILABILITY = YES_AGGRESSIVE;
				CLANG_WARN_UNREACHABLE_CODE = YES;
				CLANG_WARN__DUPLICATE_METHOD_MATCH = YES;
				CODE_SIGN_IDENTITY = "iPhone Developer";
				COPY_PHASE_STRIP = NO;
				DEBUG_INFORMATION_FORMAT = "dwarf-with-dsym";
				ENABLE_NS_ASSERTIONS = NO;
				ENABLE_STRICT_OBJC_MSGSEND = YES;
				GCC_C_LANGUAGE_STANDARD = gnu11;
				GCC_NO_COMMON_BLOCKS = YES;
				GCC_WARN_64_TO_32_BIT_CONVERSION = YES;
				GCC_WARN_ABOUT_RETURN_TYPE = YES_ERROR;
				GCC_WARN_UNDECLARED_SELECTOR = YES;
				GCC_WARN_UNINITIALIZED_AUTOS = YES_AGGRESSIVE;
				GCC_WARN_UNUSED_FUNCTION = YES;
				GCC_WARN_UNUSED_VARIABLE = YES;
				IPHONEOS_DEPLOYMENT_TARGET = 12.1;
				MTL_ENABLE_DEBUG_INFO = NO;
				MTL_FAST_MATH = YES;
				SDKROOT = iphoneos;
				SWIFT_COMPILATION_MODE = wholemodule;
				SWIFT_OPTIMIZATION_LEVEL = "-O";
				VALIDATE_PRODUCT = YES;
			};
			name = Release;
		};
		526BA1AF225E2D6A00E76D56 /* Debug */ = {
			isa = XCBuildConfiguration;
			baseConfigurationReference = 902DD1452A839CD78CC32FF7 /* Pods-Picard.debug.xcconfig */;
			buildSettings = {
				ASSETCATALOG_COMPILER_APPICON_NAME = AppIcon;
				CODE_SIGN_STYLE = Automatic;
				INFOPLIST_FILE = Picard/Info.plist;
				LD_RUNPATH_SEARCH_PATHS = (
					"$(inherited)",
					"@executable_path/Frameworks",
				);
				PRODUCT_BUNDLE_IDENTIFIER = conglb.Picard;
				PRODUCT_NAME = "$(TARGET_NAME)";
				SWIFT_VERSION = 4.2;
				TARGETED_DEVICE_FAMILY = "1,2";
			};
			name = Debug;
		};
		526BA1B0225E2D6A00E76D56 /* Release */ = {
			isa = XCBuildConfiguration;
			baseConfigurationReference = C63BDBFD5A2B34ADB08157C8 /* Pods-Picard.release.xcconfig */;
			buildSettings = {
				ASSETCATALOG_COMPILER_APPICON_NAME = AppIcon;
				CODE_SIGN_STYLE = Automatic;
				INFOPLIST_FILE = Picard/Info.plist;
				LD_RUNPATH_SEARCH_PATHS = (
					"$(inherited)",
					"@executable_path/Frameworks",
				);
				PRODUCT_BUNDLE_IDENTIFIER = conglb.Picard;
				PRODUCT_NAME = "$(TARGET_NAME)";
				SWIFT_VERSION = 4.2;
				TARGETED_DEVICE_FAMILY = "1,2";
			};
			name = Release;
		};
		526BA1B2225E2D6A00E76D56 /* Debug */ = {
			isa = XCBuildConfiguration;
			baseConfigurationReference = 50C500DB1732ECA519E5831F /* Pods-PicardTests.debug.xcconfig */;
			buildSettings = {
				ALWAYS_EMBED_SWIFT_STANDARD_LIBRARIES = YES;
				BUNDLE_LOADER = "$(TEST_HOST)";
				CODE_SIGN_STYLE = Automatic;
				INFOPLIST_FILE = PicardTests/Info.plist;
				LD_RUNPATH_SEARCH_PATHS = (
					"$(inherited)",
					"@executable_path/Frameworks",
					"@loader_path/Frameworks",
				);
				PRODUCT_BUNDLE_IDENTIFIER = conglb.PicardTests;
				PRODUCT_NAME = "$(TARGET_NAME)";
				SWIFT_VERSION = 4.2;
				TARGETED_DEVICE_FAMILY = "1,2";
				TEST_HOST = "$(BUILT_PRODUCTS_DIR)/Picard.app/Picard";
			};
			name = Debug;
		};
		526BA1B3225E2D6A00E76D56 /* Release */ = {
			isa = XCBuildConfiguration;
			baseConfigurationReference = E335576809C7030C24BA30E0 /* Pods-PicardTests.release.xcconfig */;
			buildSettings = {
				ALWAYS_EMBED_SWIFT_STANDARD_LIBRARIES = YES;
				BUNDLE_LOADER = "$(TEST_HOST)";
				CODE_SIGN_STYLE = Automatic;
				INFOPLIST_FILE = PicardTests/Info.plist;
				LD_RUNPATH_SEARCH_PATHS = (
					"$(inherited)",
					"@executable_path/Frameworks",
					"@loader_path/Frameworks",
				);
				PRODUCT_BUNDLE_IDENTIFIER = conglb.PicardTests;
				PRODUCT_NAME = "$(TARGET_NAME)";
				SWIFT_VERSION = 4.2;
				TARGETED_DEVICE_FAMILY = "1,2";
				TEST_HOST = "$(BUILT_PRODUCTS_DIR)/Picard.app/Picard";
			};
			name = Release;
		};
		526BA1B5225E2D6A00E76D56 /* Debug */ = {
			isa = XCBuildConfiguration;
			baseConfigurationReference = D09036018CAAF9E82E168D59 /* Pods-PicardUITests.debug.xcconfig */;
			buildSettings = {
				ALWAYS_EMBED_SWIFT_STANDARD_LIBRARIES = YES;
				CODE_SIGN_STYLE = Automatic;
				INFOPLIST_FILE = PicardUITests/Info.plist;
				LD_RUNPATH_SEARCH_PATHS = (
					"$(inherited)",
					"@executable_path/Frameworks",
					"@loader_path/Frameworks",
				);
				PRODUCT_BUNDLE_IDENTIFIER = conglb.PicardUITests;
				PRODUCT_NAME = "$(TARGET_NAME)";
				SWIFT_VERSION = 4.2;
				TARGETED_DEVICE_FAMILY = "1,2";
				TEST_TARGET_NAME = Picard;
			};
			name = Debug;
		};
		526BA1B6225E2D6A00E76D56 /* Release */ = {
			isa = XCBuildConfiguration;
			baseConfigurationReference = 05B0D2E4FC963E59EB64DA0F /* Pods-PicardUITests.release.xcconfig */;
			buildSettings = {
				ALWAYS_EMBED_SWIFT_STANDARD_LIBRARIES = YES;
				CODE_SIGN_STYLE = Automatic;
				INFOPLIST_FILE = PicardUITests/Info.plist;
				LD_RUNPATH_SEARCH_PATHS = (
					"$(inherited)",
					"@executable_path/Frameworks",
					"@loader_path/Frameworks",
				);
				PRODUCT_BUNDLE_IDENTIFIER = conglb.PicardUITests;
				PRODUCT_NAME = "$(TARGET_NAME)";
				SWIFT_VERSION = 4.2;
				TARGETED_DEVICE_FAMILY = "1,2";
				TEST_TARGET_NAME = Picard;
			};
			name = Release;
		};
/* End XCBuildConfiguration section */

/* Begin XCConfigurationList section */
		526BA181225E2D6800E76D56 /* Build configuration list for PBXProject "Picard" */ = {
			isa = XCConfigurationList;
			buildConfigurations = (
				526BA1AC225E2D6A00E76D56 /* Debug */,
				526BA1AD225E2D6A00E76D56 /* Release */,
			);
			defaultConfigurationIsVisible = 0;
			defaultConfigurationName = Release;
		};
		526BA1AE225E2D6A00E76D56 /* Build configuration list for PBXNativeTarget "Picard" */ = {
			isa = XCConfigurationList;
			buildConfigurations = (
				526BA1AF225E2D6A00E76D56 /* Debug */,
				526BA1B0225E2D6A00E76D56 /* Release */,
			);
			defaultConfigurationIsVisible = 0;
			defaultConfigurationName = Release;
		};
		526BA1B1225E2D6A00E76D56 /* Build configuration list for PBXNativeTarget "PicardTests" */ = {
			isa = XCConfigurationList;
			buildConfigurations = (
				526BA1B2225E2D6A00E76D56 /* Debug */,
				526BA1B3225E2D6A00E76D56 /* Release */,
			);
			defaultConfigurationIsVisible = 0;
			defaultConfigurationName = Release;
		};
		526BA1B4225E2D6A00E76D56 /* Build configuration list for PBXNativeTarget "PicardUITests" */ = {
			isa = XCConfigurationList;
			buildConfigurations = (
				526BA1B5225E2D6A00E76D56 /* Debug */,
				526BA1B6225E2D6A00E76D56 /* Release */,
			);
			defaultConfigurationIsVisible = 0;
			defaultConfigurationName = Release;
		};
/* End XCConfigurationList section */
	};
	rootObject = 526BA17E225E2D6800E76D56 /* Project object */;
}
